// !$*UTF8*$!
{
	archiveVersion = 1;
	classes = {
	};
	objectVersion = 56;
	objects = {

/* Begin PBXBuildFile section */
		F930A5F42EA6455E008887E6 /* WarehouseArrangementmanualApp.swift in Sources */ = {isa = PBXBuildFile; fileRef = F930A5F32EA6455E008887E6 /* WarehouseArrangementmanualApp.swift */; };
		F930A5F62EA6455E008887E6 /* ContentView.swift in Sources */ = {isa = PBXBuildFile; fileRef = F930A5F52EA6455E008887E6 /* ContentView.swift */; };
		F930A5F82EA64563008887E6 /* Assets.xcassets in Resources */ = {isa = PBXBuildFile; fileRef = F930A5F72EA64563008887E6 /* Assets.xcassets */; };
		F930A5FB2EA64563008887E6 /* Preview Assets.xcassets in Resources */ = {isa = PBXBuildFile; fileRef = F930A5FA2EA64563008887E6 /* Preview Assets.xcassets */; };
		F930A6052EA64564008887E6 /* WarehouseArrangementmanualTests.swift in Sources */ = {isa = PBXBuildFile; fileRef = F930A6042EA64564008887E6 /* WarehouseArrangementmanualTests.swift */; };
		F930A60F2EA64564008887E6 /* WarehouseArrangementmanualUITests.swift in Sources */ = {isa = PBXBuildFile; fileRef = F930A60E2EA64564008887E6 /* WarehouseArrangementmanualUITests.swift */; };
		F930A6112EA64564008887E6 /* WarehouseArrangementmanualUITestsLaunchTests.swift in Sources */ = {isa = PBXBuildFile; fileRef = F930A6102EA64564008887E6 /* WarehouseArrangementmanualUITestsLaunchTests.swift */; };
/* End PBXBuildFile section */

/* Begin PBXContainerItemProxy section */
		F930A6012EA64564008887E6 /* PBXContainerItemProxy */ = {
			isa = PBXContainerItemProxy;
			containerPortal = F930A5E82EA6455E008887E6 /* Project object */;
			proxyType = 1;
			remoteGlobalIDString = F930A5EF2EA6455E008887E6;
			remoteInfo = WarehouseArrangementmanual;
		};
		F930A60B2EA64564008887E6 /* PBXContainerItemProxy */ = {
			isa = PBXContainerItemProxy;
			containerPortal = F930A5E82EA6455E008887E6 /* Project object */;
			proxyType = 1;
			remoteGlobalIDString = F930A5EF2EA6455E008887E6;
			remoteInfo = WarehouseArrangementmanual;
		};
/* End PBXContainerItemProxy section */

/* Begin PBXFileReference section */
		F930A5F02EA6455E008887E6 /* WarehouseArrangementmanual.app */ = {isa = PBXFileReference; explicitFileType = wrapper.application; includeInIndex = 0; path = WarehouseArrangementmanual.app; sourceTree = BUILT_PRODUCTS_DIR; };
		F930A5F32EA6455E008887E6 /* WarehouseArrangementmanualApp.swift */ = {isa = PBXFileReference; lastKnownFileType = sourcecode.swift; path = WarehouseArrangementmanualApp.swift; sourceTree = "<group>"; };
		F930A5F52EA6455E008887E6 /* ContentView.swift */ = {isa = PBXFileReference; lastKnownFileType = sourcecode.swift; path = ContentView.swift; sourceTree = "<group>"; };
		F930A5F72EA64563008887E6 /* Assets.xcassets */ = {isa = PBXFileReference; lastKnownFileType = folder.assetcatalog; path = Assets.xcassets; sourceTree = "<group>"; };
		F930A5FA2EA64563008887E6 /* Preview Assets.xcassets */ = {isa = PBXFileReference; lastKnownFileType = folder.assetcatalog; path = "Preview Assets.xcassets"; sourceTree = "<group>"; };
		F930A6002EA64564008887E6 /* WarehouseArrangementmanualTests.xctest */ = {isa = PBXFileReference; explicitFileType = wrapper.cfbundle; includeInIndex = 0; path = WarehouseArrangementmanualTests.xctest; sourceTree = BUILT_PRODUCTS_DIR; };
		F930A6042EA64564008887E6 /* WarehouseArrangementmanualTests.swift */ = {isa = PBXFileReference; lastKnownFileType = sourcecode.swift; path = WarehouseArrangementmanualTests.swift; sourceTree = "<group>"; };
		F930A60A2EA64564008887E6 /* WarehouseArrangementmanualUITests.xctest */ = {isa = PBXFileReference; explicitFileType = wrapper.cfbundle; includeInIndex = 0; path = WarehouseArrangementmanualUITests.xctest; sourceTree = BUILT_PRODUCTS_DIR; };
		F930A60E2EA64564008887E6 /* WarehouseArrangementmanualUITests.swift */ = {isa = PBXFileReference; lastKnownFileType = sourcecode.swift; path = WarehouseArrangementmanualUITests.swift; sourceTree = "<group>"; };
		F930A6102EA64564008887E6 /* WarehouseArrangementmanualUITestsLaunchTests.swift */ = {isa = PBXFileReference; lastKnownFileType = sourcecode.swift; path = WarehouseArrangementmanualUITestsLaunchTests.swift; sourceTree = "<group>"; };
/* End PBXFileReference section */

/* Begin PBXFrameworksBuildPhase section */
		F930A5ED2EA6455E008887E6 /* Frameworks */ = {
			isa = PBXFrameworksBuildPhase;
			buildActionMask = 2147483647;
			files = (
			);
			runOnlyForDeploymentPostprocessing = 0;
		};
		F930A5FD2EA64564008887E6 /* Frameworks */ = {
			isa = PBXFrameworksBuildPhase;
			buildActionMask = 2147483647;
			files = (
			);
			runOnlyForDeploymentPostprocessing = 0;
		};
		F930A6072EA64564008887E6 /* Frameworks */ = {
			isa = PBXFrameworksBuildPhase;
			buildActionMask = 2147483647;
			files = (
			);
			runOnlyForDeploymentPostprocessing = 0;
		};
/* End PBXFrameworksBuildPhase section */

/* Begin PBXGroup section */
		F930A5E72EA6455E008887E6 = {
			isa = PBXGroup;
			children = (
				F930A5F22EA6455E008887E6 /* WarehouseArrangementmanual */,
				F930A6032EA64564008887E6 /* WarehouseArrangementmanualTests */,
				F930A60D2EA64564008887E6 /* WarehouseArrangementmanualUITests */,
				F930A5F12EA6455E008887E6 /* Products */,
			);
			sourceTree = "<group>";
		};
		F930A5F12EA6455E008887E6 /* Products */ = {
			isa = PBXGroup;
			children = (
				F930A5F02EA6455E008887E6 /* WarehouseArrangementmanual.app */,
				F930A6002EA64564008887E6 /* WarehouseArrangementmanualTests.xctest */,
				F930A60A2EA64564008887E6 /* WarehouseArrangementmanualUITests.xctest */,
			);
			name = Products;
			sourceTree = "<group>";
		};
		F930A5F22EA6455E008887E6 /* WarehouseArrangementmanual */ = {
			isa = PBXGroup;
			children = (
				F930A5F32EA6455E008887E6 /* WarehouseArrangementmanualApp.swift */,
				F930A5F52EA6455E008887E6 /* ContentView.swift */,
				F930A5F72EA64563008887E6 /* Assets.xcassets */,
				F930A5F92EA64563008887E6 /* Preview Content */,
			);
			path = WarehouseArrangementmanual;
			sourceTree = "<group>";
		};
		F930A5F92EA64563008887E6 /* Preview Content */ = {
			isa = PBXGroup;
			children = (
				F930A5FA2EA64563008887E6 /* Preview Assets.xcassets */,
			);
			path = "Preview Content";
			sourceTree = "<group>";
		};
		F930A6032EA64564008887E6 /* WarehouseArrangementmanualTests */ = {
			isa = PBXGroup;
			children = (
				F930A6042EA64564008887E6 /* WarehouseArrangementmanualTests.swift */,
			);
			path = WarehouseArrangementmanualTests;
			sourceTree = "<group>";
		};
		F930A60D2EA64564008887E6 /* WarehouseArrangementmanualUITests */ = {
			isa = PBXGroup;
			children = (
				F930A60E2EA64564008887E6 /* WarehouseArrangementmanualUITests.swift */,
				F930A6102EA64564008887E6 /* WarehouseArrangementmanualUITestsLaunchTests.swift */,
			);
			path = WarehouseArrangementmanualUITests;
			sourceTree = "<group>";
		};
/* End PBXGroup section */

/* Begin PBXNativeTarget section */
		F930A5EF2EA6455E008887E6 /* WarehouseArrangementmanual */ = {
			isa = PBXNativeTarget;
			buildConfigurationList = F930A6142EA64564008887E6 /* Build configuration list for PBXNativeTarget "WarehouseArrangementmanual" */;
			buildPhases = (
				F930A5EC2EA6455E008887E6 /* Sources */,
				F930A5ED2EA6455E008887E6 /* Frameworks */,
				F930A5EE2EA6455E008887E6 /* Resources */,
			);
			buildRules = (
			);
			dependencies = (
			);
			name = WarehouseArrangementmanual;
			productName = WarehouseArrangementmanual;
			productReference = F930A5F02EA6455E008887E6 /* WarehouseArrangementmanual.app */;
			productType = "com.apple.product-type.application";
		};
		F930A5FF2EA64564008887E6 /* WarehouseArrangementmanualTests */ = {
			isa = PBXNativeTarget;
			buildConfigurationList = F930A6172EA64564008887E6 /* Build configuration list for PBXNativeTarget "WarehouseArrangementmanualTests" */;
			buildPhases = (
				F930A5FC2EA64564008887E6 /* Sources */,
				F930A5FD2EA64564008887E6 /* Frameworks */,
				F930A5FE2EA64564008887E6 /* Resources */,
			);
			buildRules = (
			);
			dependencies = (
				F930A6022EA64564008887E6 /* PBXTargetDependency */,
			);
			name = WarehouseArrangementmanualTests;
			productName = WarehouseArrangementmanualTests;
			productReference = F930A6002EA64564008887E6 /* WarehouseArrangementmanualTests.xctest */;
			productType = "com.apple.product-type.bundle.unit-test";
		};
		F930A6092EA64564008887E6 /* WarehouseArrangementmanualUITests */ = {
			isa = PBXNativeTarget;
			buildConfigurationList = F930A61A2EA64564008887E6 /* Build configuration list for PBXNativeTarget "WarehouseArrangementmanualUITests" */;
			buildPhases = (
				F930A6062EA64564008887E6 /* Sources */,
				F930A6072EA64564008887E6 /* Frameworks */,
				F930A6082EA64564008887E6 /* Resources */,
			);
			buildRules = (
			);
			dependencies = (
				F930A60C2EA64564008887E6 /* PBXTargetDependency */,
			);
			name = WarehouseArrangementmanualUITests;
			productName = WarehouseArrangementmanualUITests;
			productReference = F930A60A2EA64564008887E6 /* WarehouseArrangementmanualUITests.xctest */;
			productType = "com.apple.product-type.bundle.ui-testing";
		};
/* End PBXNativeTarget section */

/* Begin PBXProject section */
		F930A5E82EA6455E008887E6 /* Project object */ = {
			isa = PBXProject;
			attributes = {
				BuildIndependentTargetsInParallel = 1;
				LastSwiftUpdateCheck = 1420;
				LastUpgradeCheck = 1420;
				TargetAttributes = {
					F930A5EF2EA6455E008887E6 = {
						CreatedOnToolsVersion = 14.2;
					};
					F930A5FF2EA64564008887E6 = {
						CreatedOnToolsVersion = 14.2;
						TestTargetID = F930A5EF2EA6455E008887E6;
					};
					F930A6092EA64564008887E6 = {
						CreatedOnToolsVersion = 14.2;
						TestTargetID = F930A5EF2EA6455E008887E6;
					};
				};
			};
			buildConfigurationList = F930A5EB2EA6455E008887E6 /* Build configuration list for PBXProject "WarehouseArrangementmanual" */;
			compatibilityVersion = "Xcode 14.0";
			developmentRegion = en;
			hasScannedForEncodings = 0;
			knownRegions = (
				en,
				Base,
			);
			mainGroup = F930A5E72EA6455E008887E6;
			productRefGroup = F930A5F12EA6455E008887E6 /* Products */;
			projectDirPath = "";
			projectRoot = "";
			targets = (
				F930A5EF2EA6455E008887E6 /* WarehouseArrangementmanual */,
				F930A5FF2EA64564008887E6 /* WarehouseArrangementmanualTests */,
				F930A6092EA64564008887E6 /* WarehouseArrangementmanualUITests */,
			);
		};
/* End PBXProject section */

/* Begin PBXResourcesBuildPhase section */
		F930A5EE2EA6455E008887E6 /* Resources */ = {
			isa = PBXResourcesBuildPhase;
			buildActionMask = 2147483647;
			files = (
				F930A5FB2EA64563008887E6 /* Preview Assets.xcassets in Resources */,
				F930A5F82EA64563008887E6 /* Assets.xcassets in Resources */,
			);
			runOnlyForDeploymentPostprocessing = 0;
		};
		F930A5FE2EA64564008887E6 /* Resources */ = {
			isa = PBXResourcesBuildPhase;
			buildActionMask = 2147483647;
			files = (
			);
			runOnlyForDeploymentPostprocessing = 0;
		};
		F930A6082EA64564008887E6 /* Resources */ = {
			isa = PBXResourcesBuildPhase;
			buildActionMask = 2147483647;
			files = (
			);
			runOnlyForDeploymentPostprocessing = 0;
		};
/* End PBXResourcesBuildPhase section */

/* Begin PBXSourcesBuildPhase section */
		F930A5EC2EA6455E008887E6 /* Sources */ = {
			isa = PBXSourcesBuildPhase;
			buildActionMask = 2147483647;
			files = (
				F930A5F62EA6455E008887E6 /* ContentView.swift in Sources */,
				F930A5F42EA6455E008887E6 /* WarehouseArrangementmanualApp.swift in Sources */,
			);
			runOnlyForDeploymentPostprocessing = 0;
		};
		F930A5FC2EA64564008887E6 /* Sources */ = {
			isa = PBXSourcesBuildPhase;
			buildActionMask = 2147483647;
			files = (
				F930A6052EA64564008887E6 /* WarehouseArrangementmanualTests.swift in Sources */,
			);
			runOnlyForDeploymentPostprocessing = 0;
		};
		F930A6062EA64564008887E6 /* Sources */ = {
			isa = PBXSourcesBuildPhase;
			buildActionMask = 2147483647;
			files = (
				F930A60F2EA64564008887E6 /* WarehouseArrangementmanualUITests.swift in Sources */,
				F930A6112EA64564008887E6 /* WarehouseArrangementmanualUITestsLaunchTests.swift in Sources */,
			);
			runOnlyForDeploymentPostprocessing = 0;
		};
/* End PBXSourcesBuildPhase section */

/* Begin PBXTargetDependency section */
		F930A6022EA64564008887E6 /* PBXTargetDependency */ = {
			isa = PBXTargetDependency;
			target = F930A5EF2EA6455E008887E6 /* WarehouseArrangementmanual */;
			targetProxy = F930A6012EA64564008887E6 /* PBXContainerItemProxy */;
		};
		F930A60C2EA64564008887E6 /* PBXTargetDependency */ = {
			isa = PBXTargetDependency;
			target = F930A5EF2EA6455E008887E6 /* WarehouseArrangementmanual */;
			targetProxy = F930A60B2EA64564008887E6 /* PBXContainerItemProxy */;
		};
/* End PBXTargetDependency section */

/* Begin XCBuildConfiguration section */
		F930A6122EA64564008887E6 /* Debug */ = {
			isa = XCBuildConfiguration;
			buildSettings = {
				ALWAYS_SEARCH_USER_PATHS = NO;
				CLANG_ANALYZER_NONNULL = YES;
				CLANG_ANALYZER_NUMBER_OBJECT_CONVERSION = YES_AGGRESSIVE;
				CLANG_CXX_LANGUAGE_STANDARD = "gnu++20";
				CLANG_ENABLE_MODULES = YES;
				CLANG_ENABLE_OBJC_ARC = YES;
				CLANG_ENABLE_OBJC_WEAK = YES;
				CLANG_WARN_BLOCK_CAPTURE_AUTORELEASING = YES;
				CLANG_WARN_BOOL_CONVERSION = YES;
				CLANG_WARN_COMMA = YES;
				CLANG_WARN_CONSTANT_CONVERSION = YES;
				CLANG_WARN_DEPRECATED_OBJC_IMPLEMENTATIONS = YES;
				CLANG_WARN_DIRECT_OBJC_ISA_USAGE = YES_ERROR;
				CLANG_WARN_DOCUMENTATION_COMMENTS = YES;
				CLANG_WARN_EMPTY_BODY = YES;
				CLANG_WARN_ENUM_CONVERSION = YES;
				CLANG_WARN_INFINITE_RECURSION = YES;
				CLANG_WARN_INT_CONVERSION = YES;
				CLANG_WARN_NON_LITERAL_NULL_CONVERSION = YES;
				CLANG_WARN_OBJC_IMPLICIT_RETAIN_SELF = YES;
				CLANG_WARN_OBJC_LITERAL_CONVERSION = YES;
				CLANG_WARN_OBJC_ROOT_CLASS = YES_ERROR;
				CLANG_WARN_QUOTED_INCLUDE_IN_FRAMEWORK_HEADER = YES;
				CLANG_WARN_RANGE_LOOP_ANALYSIS = YES;
				CLANG_WARN_STRICT_PROTOTYPES = YES;
				CLANG_WARN_SUSPICIOUS_MOVE = YES;
				CLANG_WARN_UNGUARDED_AVAILABILITY = YES_AGGRESSIVE;
				CLANG_WARN_UNREACHABLE_CODE = YES;
				CLANG_WARN__DUPLICATE_METHOD_MATCH = YES;
				COPY_PHASE_STRIP = NO;
				DEBUG_INFORMATION_FORMAT = dwarf;
				ENABLE_STRICT_OBJC_MSGSEND = YES;
				ENABLE_TESTABILITY = YES;
				GCC_C_LANGUAGE_STANDARD = gnu11;
				GCC_DYNAMIC_NO_PIC = NO;
				GCC_NO_COMMON_BLOCKS = YES;
				GCC_OPTIMIZATION_LEVEL = 0;
				GCC_PREPROCESSOR_DEFINITIONS = (
					"DEBUG=1",
					"$(inherited)",
				);
				GCC_WARN_64_TO_32_BIT_CONVERSION = YES;
				GCC_WARN_ABOUT_RETURN_TYPE = YES_ERROR;
				GCC_WARN_UNDECLARED_SELECTOR = YES;
				GCC_WARN_UNINITIALIZED_AUTOS = YES_AGGRESSIVE;
				GCC_WARN_UNUSED_FUNCTION = YES;
				GCC_WARN_UNUSED_VARIABLE = YES;
				IPHONEOS_DEPLOYMENT_TARGET = 16.2;
				MTL_ENABLE_DEBUG_INFO = INCLUDE_SOURCE;
				MTL_FAST_MATH = YES;
				ONLY_ACTIVE_ARCH = YES;
				SDKROOT = iphoneos;
				SWIFT_ACTIVE_COMPILATION_CONDITIONS = DEBUG;
				SWIFT_OPTIMIZATION_LEVEL = "-Onone";
			};
			name = Debug;
		};
		F930A6132EA64564008887E6 /* Release */ = {
			isa = XCBuildConfiguration;
			buildSettings = {
				ALWAYS_SEARCH_USER_PATHS = NO;
				CLANG_ANALYZER_NONNULL = YES;
				CLANG_ANALYZER_NUMBER_OBJECT_CONVERSION = YES_AGGRESSIVE;
				CLANG_CXX_LANGUAGE_STANDARD = "gnu++20";
				CLANG_ENABLE_MODULES = YES;
				CLANG_ENABLE_OBJC_ARC = YES;
				CLANG_ENABLE_OBJC_WEAK = YES;
				CLANG_WARN_BLOCK_CAPTURE_AUTORELEASING = YES;
				CLANG_WARN_BOOL_CONVERSION = YES;
				CLANG_WARN_COMMA = YES;
				CLANG_WARN_CONSTANT_CONVERSION = YES;
				CLANG_WARN_DEPRECATED_OBJC_IMPLEMENTATIONS = YES;
				CLANG_WARN_DIRECT_OBJC_ISA_USAGE = YES_ERROR;
				CLANG_WARN_DOCUMENTATION_COMMENTS = YES;
				CLANG_WARN_EMPTY_BODY = YES;
				CLANG_WARN_ENUM_CONVERSION = YES;
				CLANG_WARN_INFINITE_RECURSION = YES;
				CLANG_WARN_INT_CONVERSION = YES;
				CLANG_WARN_NON_LITERAL_NULL_CONVERSION = YES;
				CLANG_WARN_OBJC_IMPLICIT_RETAIN_SELF = YES;
				CLANG_WARN_OBJC_LITERAL_CONVERSION = YES;
				CLANG_WARN_OBJC_ROOT_CLASS = YES_ERROR;
				CLANG_WARN_QUOTED_INCLUDE_IN_FRAMEWORK_HEADER = YES;
				CLANG_WARN_RANGE_LOOP_ANALYSIS = YES;
				CLANG_WARN_STRICT_PROTOTYPES = YES;
				CLANG_WARN_SUSPICIOUS_MOVE = YES;
				CLANG_WARN_UNGUARDED_AVAILABILITY = YES_AGGRESSIVE;
				CLANG_WARN_UNREACHABLE_CODE = YES;
				CLANG_WARN__DUPLICATE_METHOD_MATCH = YES;
				COPY_PHASE_STRIP = NO;
				DEBUG_INFORMATION_FORMAT = "dwarf-with-dsym";
				ENABLE_NS_ASSERTIONS = NO;
				ENABLE_STRICT_OBJC_MSGSEND = YES;
				GCC_C_LANGUAGE_STANDARD = gnu11;
				GCC_NO_COMMON_BLOCKS = YES;
				GCC_WARN_64_TO_32_BIT_CONVERSION = YES;
				GCC_WARN_ABOUT_RETURN_TYPE = YES_ERROR;
				GCC_WARN_UNDECLARED_SELECTOR = YES;
				GCC_WARN_UNINITIALIZED_AUTOS = YES_AGGRESSIVE;
				GCC_WARN_UNUSED_FUNCTION = YES;
				GCC_WARN_UNUSED_VARIABLE = YES;
				IPHONEOS_DEPLOYMENT_TARGET = 16.2;
				MTL_ENABLE_DEBUG_INFO = NO;
				MTL_FAST_MATH = YES;
				SDKROOT = iphoneos;
				SWIFT_COMPILATION_MODE = wholemodule;
				SWIFT_OPTIMIZATION_LEVEL = "-O";
				VALIDATE_PRODUCT = YES;
			};
			name = Release;
		};
		F930A6152EA64564008887E6 /* Debug */ = {
			isa = XCBuildConfiguration;
			buildSettings = {
				ASSETCATALOG_COMPILER_APPICON_NAME = AppIcon;
				ASSETCATALOG_COMPILER_GLOBAL_ACCENT_COLOR_NAME = AccentColor;
				CODE_SIGN_STYLE = Automatic;
				CURRENT_PROJECT_VERSION = 1;
				DEVELOPMENT_ASSET_PATHS = "\"WarehouseArrangementmanual/Preview Content\"";
				DEVELOPMENT_TEAM = T987R78467;
				ENABLE_PREVIEWS = YES;
				GENERATE_INFOPLIST_FILE = YES;
				INFOPLIST_KEY_UIApplicationSceneManifest_Generation = YES;
				INFOPLIST_KEY_UIApplicationSupportsIndirectInputEvents = YES;
				INFOPLIST_KEY_UILaunchScreen_Generation = YES;
				INFOPLIST_KEY_UISupportedInterfaceOrientations_iPad = "UIInterfaceOrientationPortrait UIInterfaceOrientationPortraitUpsideDown UIInterfaceOrientationLandscapeLeft UIInterfaceOrientationLandscapeRight";
				INFOPLIST_KEY_UISupportedInterfaceOrientations_iPhone = "UIInterfaceOrientationPortrait UIInterfaceOrientationLandscapeLeft UIInterfaceOrientationLandscapeRight";
				LD_RUNPATH_SEARCH_PATHS = (
					"$(inherited)",
					"@executable_path/Frameworks",
				);
				MARKETING_VERSION = 1.0;
				PRODUCT_BUNDLE_IDENTIFIER = com.test.WarehouseArrangementmanual;
				PRODUCT_NAME = "$(TARGET_NAME)";
				SWIFT_EMIT_LOC_STRINGS = YES;
				SWIFT_VERSION = 5.0;
				TARGETED_DEVICE_FAMILY = "1,2";
			};
			name = Debug;
		};
		F930A6162EA64564008887E6 /* Release */ = {
			isa = XCBuildConfiguration;
			buildSettings = {
				ASSETCATALOG_COMPILER_APPICON_NAME = AppIcon;
				ASSETCATALOG_COMPILER_GLOBAL_ACCENT_COLOR_NAME = AccentColor;
				CODE_SIGN_STYLE = Automatic;
				CURRENT_PROJECT_VERSION = 1;
				DEVELOPMENT_ASSET_PATHS = "\"WarehouseArrangementmanual/Preview Content\"";
				DEVELOPMENT_TEAM = T987R78467;
				ENABLE_PREVIEWS = YES;
				GENERATE_INFOPLIST_FILE = YES;
				INFOPLIST_KEY_UIApplicationSceneManifest_Generation = YES;
				INFOPLIST_KEY_UIApplicationSupportsIndirectInputEvents = YES;
				INFOPLIST_KEY_UILaunchScreen_Generation = YES;
				INFOPLIST_KEY_UISupportedInterfaceOrientations_iPad = "UIInterfaceOrientationPortrait UIInterfaceOrientationPortraitUpsideDown UIInterfaceOrientationLandscapeLeft UIInterfaceOrientationLandscapeRight";
				INFOPLIST_KEY_UISupportedInterfaceOrientations_iPhone = "UIInterfaceOrientationPortrait UIInterfaceOrientationLandscapeLeft UIInterfaceOrientationLandscapeRight";
				LD_RUNPATH_SEARCH_PATHS = (
					"$(inherited)",
					"@executable_path/Frameworks",
				);
				MARKETING_VERSION = 1.0;
				PRODUCT_BUNDLE_IDENTIFIER = com.test.WarehouseArrangementmanual;
				PRODUCT_NAME = "$(TARGET_NAME)";
				SWIFT_EMIT_LOC_STRINGS = YES;
				SWIFT_VERSION = 5.0;
				TARGETED_DEVICE_FAMILY = "1,2";
			};
			name = Release;
		};
		F930A6182EA64564008887E6 /* Debug */ = {
			isa = XCBuildConfiguration;
			buildSettings = {
				ALWAYS_EMBED_SWIFT_STANDARD_LIBRARIES = YES;
				BUNDLE_LOADER = "$(TEST_HOST)";
				CODE_SIGN_STYLE = Automatic;
				CURRENT_PROJECT_VERSION = 1;
				DEVELOPMENT_TEAM = T987R78467;
				GENERATE_INFOPLIST_FILE = YES;
				IPHONEOS_DEPLOYMENT_TARGET = 16.2;
				MARKETING_VERSION = 1.0;
				PRODUCT_BUNDLE_IDENTIFIER = com.test.WarehouseArrangementmanualTests;
				PRODUCT_NAME = "$(TARGET_NAME)";
				SWIFT_EMIT_LOC_STRINGS = NO;
				SWIFT_VERSION = 5.0;
				TARGETED_DEVICE_FAMILY = "1,2";
				TEST_HOST = "$(BUILT_PRODUCTS_DIR)/WarehouseArrangementmanual.app/$(BUNDLE_EXECUTABLE_FOLDER_PATH)/WarehouseArrangementmanual";
			};
			name = Debug;
		};
		F930A6192EA64564008887E6 /* Release */ = {
			isa = XCBuildConfiguration;
			buildSettings = {
				ALWAYS_EMBED_SWIFT_STANDARD_LIBRARIES = YES;
				BUNDLE_LOADER = "$(TEST_HOST)";
				CODE_SIGN_STYLE = Automatic;
				CURRENT_PROJECT_VERSION = 1;
				DEVELOPMENT_TEAM = T987R78467;
				GENERATE_INFOPLIST_FILE = YES;
				IPHONEOS_DEPLOYMENT_TARGET = 16.2;
				MARKETING_VERSION = 1.0;
				PRODUCT_BUNDLE_IDENTIFIER = com.test.WarehouseArrangementmanualTests;
				PRODUCT_NAME = "$(TARGET_NAME)";
				SWIFT_EMIT_LOC_STRINGS = NO;
				SWIFT_VERSION = 5.0;
				TARGETED_DEVICE_FAMILY = "1,2";
				TEST_HOST = "$(BUILT_PRODUCTS_DIR)/WarehouseArrangementmanual.app/$(BUNDLE_EXECUTABLE_FOLDER_PATH)/WarehouseArrangementmanual";
			};
			name = Release;
		};
		F930A61B2EA64564008887E6 /* Debug */ = {
			isa = XCBuildConfiguration;
			buildSettings = {
				ALWAYS_EMBED_SWIFT_STANDARD_LIBRARIES = YES;
				CODE_SIGN_STYLE = Automatic;
				CURRENT_PROJECT_VERSION = 1;
				DEVELOPMENT_TEAM = T987R78467;
				GENERATE_INFOPLIST_FILE = YES;
				MARKETING_VERSION = 1.0;
				PRODUCT_BUNDLE_IDENTIFIER = com.test.WarehouseArrangementmanualUITests;
				PRODUCT_NAME = "$(TARGET_NAME)";
				SWIFT_EMIT_LOC_STRINGS = NO;
				SWIFT_VERSION = 5.0;
				TARGETED_DEVICE_FAMILY = "1,2";
				TEST_TARGET_NAME = WarehouseArrangementmanual;
			};
			name = Debug;
		};
		F930A61C2EA64564008887E6 /* Release */ = {
			isa = XCBuildConfiguration;
			buildSettings = {
				ALWAYS_EMBED_SWIFT_STANDARD_LIBRARIES = YES;
				CODE_SIGN_STYLE = Automatic;
				CURRENT_PROJECT_VERSION = 1;
				DEVELOPMENT_TEAM = T987R78467;
				GENERATE_INFOPLIST_FILE = YES;
				MARKETING_VERSION = 1.0;
				PRODUCT_BUNDLE_IDENTIFIER = com.test.WarehouseArrangementmanualUITests;
				PRODUCT_NAME = "$(TARGET_NAME)";
				SWIFT_EMIT_LOC_STRINGS = NO;
				SWIFT_VERSION = 5.0;
				TARGETED_DEVICE_FAMILY = "1,2";
				TEST_TARGET_NAME = WarehouseArrangementmanual;
			};
			name = Release;
		};
/* End XCBuildConfiguration section */

/* Begin XCConfigurationList section */
		F930A5EB2EA6455E008887E6 /* Build configuration list for PBXProject "WarehouseArrangementmanual" */ = {
			isa = XCConfigurationList;
			buildConfigurations = (
				F930A6122EA64564008887E6 /* Debug */,
				F930A6132EA64564008887E6 /* Release */,
			);
			defaultConfigurationIsVisible = 0;
			defaultConfigurationName = Release;
		};
		F930A6142EA64564008887E6 /* Build configuration list for PBXNativeTarget "WarehouseArrangementmanual" */ = {
			isa = XCConfigurationList;
			buildConfigurations = (
				F930A6152EA64564008887E6 /* Debug */,
				F930A6162EA64564008887E6 /* Release */,
			);
			defaultConfigurationIsVisible = 0;
			defaultConfigurationName = Release;
		};
		F930A6172EA64564008887E6 /* Build configuration list for PBXNativeTarget "WarehouseArrangementmanualTests" */ = {
			isa = XCConfigurationList;
			buildConfigurations = (
				F930A6182EA64564008887E6 /* Debug */,
				F930A6192EA64564008887E6 /* Release */,
			);
			defaultConfigurationIsVisible = 0;
			defaultConfigurationName = Release;
		};
		F930A61A2EA64564008887E6 /* Build configuration list for PBXNativeTarget "WarehouseArrangementmanualUITests" */ = {
			isa = XCConfigurationList;
			buildConfigurations = (
				F930A61B2EA64564008887E6 /* Debug */,
				F930A61C2EA64564008887E6 /* Release */,
			);
			defaultConfigurationIsVisible = 0;
			defaultConfigurationName = Release;
		};
/* End XCConfigurationList section */
	};
	rootObject = F930A5E82EA6455E008887E6 /* Project object */;
}
